
Microsoft Visual Studio Solution File, Format Version 12.00
# Visual Studio Version 17
VisualStudioVersion = 17.3.32929.385
MinimumVisualStudioVersion = 10.0.40219.1
Project("{FAE04EC0-301F-11D3-BF4B-00C04F79EFBC}") = "ABC_Hospital", "ABC_Hospital\ABC_Hospital.csproj", "{C3A76227-AE8F-49A9-93D1-B4253B48396F}"
EndProject
Global
	GlobalSection(SolutionConfigurationPlatforms) = preSolution
		Debug|Any CPU = Debug|Any CPU
		Release|Any CPU = Release|Any CPU
	EndGlobalSection
	GlobalSection(ProjectConfigurationPlatforms) = postSolution
		{C3A76227-AE8F-49A9-93D1-B4253B48396F}.Debug|Any CPU.ActiveCfg = Debug|Any CPU
		{C3A76227-AE8F-49A9-93D1-B4253B48396F}.Debug|Any CPU.Build.0 = Debug|Any CPU
		{C3A76227-AE8F-49A9-93D1-B4253B48396F}.Release|Any CPU.ActiveCfg = Release|Any CPU
		{C3A76227-AE8F-49A9-93D1-B4253B48396F}.Release|Any CPU.Build.0 = Release|Any CPU
	EndGlobalSection
	GlobalSection(SolutionProperties) = preSolution
		HideSolutionNode = FALSE
	EndGlobalSection
	GlobalSection(ExtensibilityGlobals) = postSolution
		SolutionGuid = {A7A02B1D-6356-426E-9999-36AED06951C0}
	EndGlobalSection
EndGlobal
